
Microsoft Visual Studio Solution File, Format Version 12.00
# Visual Studio Version 17
VisualStudioVersion = 17.0.31903.59
MinimumVisualStudioVersion = 10.0.40219.1
Project("{9A19103F-16F7-4668-BE54-9A1E7A4F7556}") = "GestioneSagre.Email", "src\GestioneSagre.Email\GestioneSagre.Email.csproj", "{8AE960CF-E1FD-4916-A25A-299D362804F2}"
EndProject
Project("{2150E333-8FDC-42A3-9474-1A3956D46DE8}") = "Elementi di soluzione", "Elementi di soluzione", "{05C05A8A-8C21-4EE6-A319-52FB6F25A529}"
	ProjectSection(SolutionItems) = preProject
		docker-compose.yml = docker-compose.yml
		GestioneSagre.Messaging.dll = GestioneSagre.Messaging.dll
	EndProjectSection
EndProject
Project("{9A19103F-16F7-4668-BE54-9A1E7A4F7556}") = "GestioneSagre.Email.Shared", "src\GestioneSagre.Email.Shared\GestioneSagre.Email.Shared.csproj", "{CA0750BC-EC37-4ED9-AF0E-A230806F77EF}"
EndProject
Global
	GlobalSection(SolutionConfigurationPlatforms) = preSolution
		Debug|Any CPU = Debug|Any CPU
		Release|Any CPU = Release|Any CPU
	EndGlobalSection
	GlobalSection(ProjectConfigurationPlatforms) = postSolution
		{8AE960CF-E1FD-4916-A25A-299D362804F2}.Debug|Any CPU.ActiveCfg = Debug|Any CPU
		{8AE960CF-E1FD-4916-A25A-299D362804F2}.Debug|Any CPU.Build.0 = Debug|Any CPU
		{8AE960CF-E1FD-4916-A25A-299D362804F2}.Release|Any CPU.ActiveCfg = Release|Any CPU
		{8AE960CF-E1FD-4916-A25A-299D362804F2}.Release|Any CPU.Build.0 = Release|Any CPU
		{CA0750BC-EC37-4ED9-AF0E-A230806F77EF}.Debug|Any CPU.ActiveCfg = Debug|Any CPU
		{CA0750BC-EC37-4ED9-AF0E-A230806F77EF}.Debug|Any CPU.Build.0 = Debug|Any CPU
		{CA0750BC-EC37-4ED9-AF0E-A230806F77EF}.Release|Any CPU.ActiveCfg = Release|Any CPU
		{CA0750BC-EC37-4ED9-AF0E-A230806F77EF}.Release|Any CPU.Build.0 = Release|Any CPU
	EndGlobalSection
	GlobalSection(SolutionProperties) = preSolution
		HideSolutionNode = FALSE
	EndGlobalSection
	GlobalSection(ExtensibilityGlobals) = postSolution
		SolutionGuid = {2CCD0BC6-123C-42A6-AAFA-8666AE3D5A06}
	EndGlobalSection
EndGlobal
